
Microsoft Visual Studio Solution File, Format Version 12.00
# Visual Studio Version 17
VisualStudioVersion = 17.9.34701.34
MinimumVisualStudioVersion = 10.0.40219.1
Project("{8BC9CEB8-8B4A-11D0-8D11-00A0C91BC942}") = "sim", "sim.vcxproj", "{EBBDCE06-101C-4190-978E-C8F654A315C7}"
EndProject
Global
	GlobalSection(SolutionConfigurationPlatforms) = preSolution
		Debug|x64 = Debug|x64
		Debug|x86 = Debug|x86
		Release|x64 = Release|x64
		Release|x86 = Release|x86
	EndGlobalSection
	GlobalSection(ProjectConfigurationPlatforms) = postSolution
		{EBBDCE06-101C-4190-978E-C8F654A315C7}.Debug|x64.ActiveCfg = Debug|x64
		{EBBDCE06-101C-4190-978E-C8F654A315C7}.Debug|x64.Build.0 = Debug|x64
		{EBBDCE06-101C-4190-978E-C8F654A315C7}.Debug|x86.ActiveCfg = Debug|Win32
		{EBBDCE06-101C-4190-978E-C8F654A315C7}.Debug|x86.Build.0 = Debug|Win32
		{EBBDCE06-101C-4190-978E-C8F654A315C7}.Release|x64.ActiveCfg = Release|x64
		{EBBDCE06-101C-4190-978E-C8F654A315C7}.Release|x64.Build.0 = Release|x64
		{EBBDCE06-101C-4190-978E-C8F654A315C7}.Release|x86.ActiveCfg = Release|Win32
		{EBBDCE06-101C-4190-978E-C8F654A315C7}.Release|x86.Build.0 = Release|Win32
	EndGlobalSection
	GlobalSection(SolutionProperties) = preSolution
		HideSolutionNode = FALSE
	EndGlobalSection
	GlobalSection(ExtensibilityGlobals) = postSolution
		SolutionGuid = {DF9F479C-270E-4A0B-8F84-3C0F226578F6}
	EndGlobalSection
EndGlobal
